// !$*UTF8*$!
{
	archiveVersion = 1;
	classes = {
	};
	objectVersion = 50;
	objects = {

/* Begin PBXBuildFile section */
		94045855252DB31F00266012 /* SyntaxModel.m in Sources */ = {isa = PBXBuildFile; fileRef = 94045854252DB31F00266012 /* SyntaxModel.m */; };
		9404585C252DCF1600266012 /* SyntaxCollectionReusableView.m in Sources */ = {isa = PBXBuildFile; fileRef = 9404585A252DCF1600266012 /* SyntaxCollectionReusableView.m */; };
		9404585D252DCF1600266012 /* SyntaxCollectionReusableView.xib in Resources */ = {isa = PBXBuildFile; fileRef = 9404585B252DCF1600266012 /* SyntaxCollectionReusableView.xib */; };
		94045863252E00DA00266012 /* ZHKeywordsViewController.m in Sources */ = {isa = PBXBuildFile; fileRef = 94045862252E00DA00266012 /* ZHKeywordsViewController.m */; };
		94045869252E035600266012 /* ZHKeywordsModel.m in Sources */ = {isa = PBXBuildFile; fileRef = 94045868252E035600266012 /* ZHKeywordsModel.m */; };
		94045870252E04B800266012 /* ZHUIMaker.m in Sources */ = {isa = PBXBuildFile; fileRef = 9404586F252E04B800266012 /* ZHUIMaker.m */; };
		949A66F1251B4F7F00555574 /* BaseModel.m in Sources */ = {isa = PBXBuildFile; fileRef = 949A66F0251B4F7F00555574 /* BaseModel.m */; };
		949A66F6251B4FB500555574 /* 笔记.rtfd in Resources */ = {isa = PBXBuildFile; fileRef = 949A66F5251B4FB500555574 /* 笔记.rtfd */; };
		94DC9E8C251A12EF00EB27A8 /* AppDelegate.m in Sources */ = {isa = PBXBuildFile; fileRef = 94DC9E8B251A12EF00EB27A8 /* AppDelegate.m */; };
		94DC9E8F251A12EF00EB27A8 /* SceneDelegate.m in Sources */ = {isa = PBXBuildFile; fileRef = 94DC9E8E251A12EF00EB27A8 /* SceneDelegate.m */; };
		94DC9E95251A12EF00EB27A8 /* Main.storyboard in Resources */ = {isa = PBXBuildFile; fileRef = 94DC9E93251A12EF00EB27A8 /* Main.storyboard */; };
		94DC9E97251A12F100EB27A8 /* Assets.xcassets in Resources */ = {isa = PBXBuildFile; fileRef = 94DC9E96251A12F100EB27A8 /* Assets.xcassets */; };
		94DC9E9A251A12F100EB27A8 /* LaunchScreen.storyboard in Resources */ = {isa = PBXBuildFile; fileRef = 94DC9E98251A12F100EB27A8 /* LaunchScreen.storyboard */; };
		94DC9E9D251A12F100EB27A8 /* main.m in Sources */ = {isa = PBXBuildFile; fileRef = 94DC9E9C251A12F100EB27A8 /* main.m */; };
		94DC9EA7251A12F200EB27A8 /* practiceTests.m in Sources */ = {isa = PBXBuildFile; fileRef = 94DC9EA6251A12F200EB27A8 /* practiceTests.m */; };
		94DC9EB2251A12F200EB27A8 /* practiceUITests.m in Sources */ = {isa = PBXBuildFile; fileRef = 94DC9EB1251A12F200EB27A8 /* practiceUITests.m */; };
		94DC9ECD251A17AA00EB27A8 /* PageBViewController.m in Sources */ = {isa = PBXBuildFile; fileRef = 94DC9ECC251A17AA00EB27A8 /* PageBViewController.m */; };
		94DC9ED7251A1D3300EB27A8 /* BaseViewController.m in Sources */ = {isa = PBXBuildFile; fileRef = 94DC9ED6251A1D3300EB27A8 /* BaseViewController.m */; };
		94DC9EE0251A1D5A00EB27A8 /* BaseView.m in Sources */ = {isa = PBXBuildFile; fileRef = 94DC9EDF251A1D5A00EB27A8 /* BaseView.m */; };
		94DC9EE6251A1D7400EB27A8 /* CommonModel.m in Sources */ = {isa = PBXBuildFile; fileRef = 94DC9EE5251A1D7400EB27A8 /* CommonModel.m */; };
		94DC9EEC251A1D9100EB27A8 /* MainViewController.m in Sources */ = {isa = PBXBuildFile; fileRef = 94DC9EEB251A1D9100EB27A8 /* MainViewController.m */; };
		94DC9EF2251A217E00EB27A8 /* SyntaxViewController.m in Sources */ = {isa = PBXBuildFile; fileRef = 94DC9EF1251A217E00EB27A8 /* SyntaxViewController.m */; };
		94DC9EF9251A25A300EB27A8 /* SyntaxCollectionViewCell.m in Sources */ = {isa = PBXBuildFile; fileRef = 94DC9EF7251A25A300EB27A8 /* SyntaxCollectionViewCell.m */; };
		94DC9EFA251A25A300EB27A8 /* SyntaxCollectionViewCell.xib in Resources */ = {isa = PBXBuildFile; fileRef = 94DC9EF8251A25A300EB27A8 /* SyntaxCollectionViewCell.xib */; };
		94DC9F00251A3F2300EB27A8 /* MyUITableViewController.m in Sources */ = {isa = PBXBuildFile; fileRef = 94DC9EFF251A3F2300EB27A8 /* MyUITableViewController.m */; };
		94DC9F06251A446300EB27A8 /* SyntaxCollectionViewController.m in Sources */ = {isa = PBXBuildFile; fileRef = 94DC9F05251A446300EB27A8 /* SyntaxCollectionViewController.m */; };
		94FF6A9E252F29FB00BE99EB /* UIViewController+Normal.m in Sources */ = {isa = PBXBuildFile; fileRef = 94FF6A9D252F29FB00BE99EB /* UIViewController+Normal.m */; };
		94FF6AA4252F2A1F00BE99EB /* UIViewController+Attributes.m in Sources */ = {isa = PBXBuildFile; fileRef = 94FF6AA3252F2A1F00BE99EB /* UIViewController+Attributes.m */; };
		94FF6AAB252F32F000BE99EB /* ZHOOViewController.m in Sources */ = {isa = PBXBuildFile; fileRef = 94FF6AA9252F32F000BE99EB /* ZHOOViewController.m */; };
		94FF6AAC252F32F000BE99EB /* ZHOOViewController.xib in Resources */ = {isa = PBXBuildFile; fileRef = 94FF6AAA252F32F000BE99EB /* ZHOOViewController.xib */; };
		94FF6AB2252F3F4400BE99EB /* UITextView+Utils.m in Sources */ = {isa = PBXBuildFile; fileRef = 94FF6AB1252F3F4400BE99EB /* UITextView+Utils.m */; };
		94FF6AB8252F423500BE99EB /* synTaxNotes.stringsdict in Resources */ = {isa = PBXBuildFile; fileRef = 94FF6AB7252F423500BE99EB /* synTaxNotes.stringsdict */; };
		94FF6ABE252F549100BE99EB /* UIViewController+Tracking.m in Sources */ = {isa = PBXBuildFile; fileRef = 94FF6ABD252F549100BE99EB /* UIViewController+Tracking.m */; };
/* End PBXBuildFile section */

/* Begin PBXContainerItemProxy section */
		94DC9EA3251A12F200EB27A8 /* PBXContainerItemProxy */ = {
			isa = PBXContainerItemProxy;
			containerPortal = 94DC9E7F251A12EF00EB27A8 /* Project object */;
			proxyType = 1;
			remoteGlobalIDString = 94DC9E86251A12EF00EB27A8;
			remoteInfo = practice;
		};
		94DC9EAE251A12F200EB27A8 /* PBXContainerItemProxy */ = {
			isa = PBXContainerItemProxy;
			containerPortal = 94DC9E7F251A12EF00EB27A8 /* Project object */;
			proxyType = 1;
			remoteGlobalIDString = 94DC9E86251A12EF00EB27A8;
			remoteInfo = practice;
		};
/* End PBXContainerItemProxy section */

/* Begin PBXFileReference section */
		94045853252DB31F00266012 /* SyntaxModel.h */ = {isa = PBXFileReference; lastKnownFileType = sourcecode.c.h; path = SyntaxModel.h; sourceTree = "<group>"; };
		94045854252DB31F00266012 /* SyntaxModel.m */ = {isa = PBXFileReference; lastKnownFileType = sourcecode.c.objc; path = SyntaxModel.m; sourceTree = "<group>"; };
		94045859252DCF1600266012 /* SyntaxCollectionReusableView.h */ = {isa = PBXFileReference; lastKnownFileType = sourcecode.c.h; path = SyntaxCollectionReusableView.h; sourceTree = "<group>"; };
		9404585A252DCF1600266012 /* SyntaxCollectionReusableView.m */ = {isa = PBXFileReference; lastKnownFileType = sourcecode.c.objc; path = SyntaxCollectionReusableView.m; sourceTree = "<group>"; };
		9404585B252DCF1600266012 /* SyntaxCollectionReusableView.xib */ = {isa = PBXFileReference; lastKnownFileType = file.xib; path = SyntaxCollectionReusableView.xib; sourceTree = "<group>"; };
		94045861252E00DA00266012 /* ZHKeywordsViewController.h */ = {isa = PBXFileReference; lastKnownFileType = sourcecode.c.h; path = ZHKeywordsViewController.h; sourceTree = "<group>"; };
		94045862252E00DA00266012 /* ZHKeywordsViewController.m */ = {isa = PBXFileReference; lastKnownFileType = sourcecode.c.objc; path = ZHKeywordsViewController.m; sourceTree = "<group>"; };
		94045867252E035600266012 /* ZHKeywordsModel.h */ = {isa = PBXFileReference; lastKnownFileType = sourcecode.c.h; path = ZHKeywordsModel.h; sourceTree = "<group>"; };
		94045868252E035600266012 /* ZHKeywordsModel.m */ = {isa = PBXFileReference; lastKnownFileType = sourcecode.c.objc; path = ZHKeywordsModel.m; sourceTree = "<group>"; };
		9404586E252E04B800266012 /* ZHUIMaker.h */ = {isa = PBXFileReference; lastKnownFileType = sourcecode.c.h; path = ZHUIMaker.h; sourceTree = "<group>"; };
		9404586F252E04B800266012 /* ZHUIMaker.m */ = {isa = PBXFileReference; lastKnownFileType = sourcecode.c.objc; path = ZHUIMaker.m; sourceTree = "<group>"; };
		949A66EF251B4F7F00555574 /* BaseModel.h */ = {isa = PBXFileReference; lastKnownFileType = sourcecode.c.h; path = BaseModel.h; sourceTree = "<group>"; };
		949A66F0251B4F7F00555574 /* BaseModel.m */ = {isa = PBXFileReference; lastKnownFileType = sourcecode.c.objc; path = BaseModel.m; sourceTree = "<group>"; };
		949A66F5251B4FB500555574 /* 笔记.rtfd */ = {isa = PBXFileReference; lastKnownFileType = wrapper.rtfd; path = "笔记.rtfd"; sourceTree = "<group>"; };
		94DC9E87251A12EF00EB27A8 /* practice.app */ = {isa = PBXFileReference; explicitFileType = wrapper.application; includeInIndex = 0; path = practice.app; sourceTree = BUILT_PRODUCTS_DIR; };
		94DC9E8A251A12EF00EB27A8 /* AppDelegate.h */ = {isa = PBXFileReference; lastKnownFileType = sourcecode.c.h; path = AppDelegate.h; sourceTree = "<group>"; };
		94DC9E8B251A12EF00EB27A8 /* AppDelegate.m */ = {isa = PBXFileReference; lastKnownFileType = sourcecode.c.objc; path = AppDelegate.m; sourceTree = "<group>"; };
		94DC9E8D251A12EF00EB27A8 /* SceneDelegate.h */ = {isa = PBXFileReference; lastKnownFileType = sourcecode.c.h; path = SceneDelegate.h; sourceTree = "<group>"; };
		94DC9E8E251A12EF00EB27A8 /* SceneDelegate.m */ = {isa = PBXFileReference; lastKnownFileType = sourcecode.c.objc; path = SceneDelegate.m; sourceTree = "<group>"; };
		94DC9E94251A12EF00EB27A8 /* Base */ = {isa = PBXFileReference; lastKnownFileType = file.storyboard; name = Base; path = Base.lproj/Main.storyboard; sourceTree = "<group>"; };
		94DC9E96251A12F100EB27A8 /* Assets.xcassets */ = {isa = PBXFileReference; lastKnownFileType = folder.assetcatalog; path = Assets.xcassets; sourceTree = "<group>"; };
		94DC9E99251A12F100EB27A8 /* Base */ = {isa = PBXFileReference; lastKnownFileType = file.storyboard; name = Base; path = Base.lproj/LaunchScreen.storyboard; sourceTree = "<group>"; };
		94DC9E9B251A12F100EB27A8 /* Info.plist */ = {isa = PBXFileReference; lastKnownFileType = text.plist.xml; path = Info.plist; sourceTree = "<group>"; };
		94DC9E9C251A12F100EB27A8 /* main.m */ = {isa = PBXFileReference; lastKnownFileType = sourcecode.c.objc; path = main.m; sourceTree = "<group>"; };
		94DC9EA2251A12F200EB27A8 /* practiceTests.xctest */ = {isa = PBXFileReference; explicitFileType = wrapper.cfbundle; includeInIndex = 0; path = practiceTests.xctest; sourceTree = BUILT_PRODUCTS_DIR; };
		94DC9EA6251A12F200EB27A8 /* practiceTests.m */ = {isa = PBXFileReference; lastKnownFileType = sourcecode.c.objc; path = practiceTests.m; sourceTree = "<group>"; };
		94DC9EA8251A12F200EB27A8 /* Info.plist */ = {isa = PBXFileReference; lastKnownFileType = text.plist.xml; path = Info.plist; sourceTree = "<group>"; };
		94DC9EAD251A12F200EB27A8 /* practiceUITests.xctest */ = {isa = PBXFileReference; explicitFileType = wrapper.cfbundle; includeInIndex = 0; path = practiceUITests.xctest; sourceTree = BUILT_PRODUCTS_DIR; };
		94DC9EB1251A12F200EB27A8 /* practiceUITests.m */ = {isa = PBXFileReference; lastKnownFileType = sourcecode.c.objc; path = practiceUITests.m; sourceTree = "<group>"; };
		94DC9EB3251A12F200EB27A8 /* Info.plist */ = {isa = PBXFileReference; lastKnownFileType = text.plist.xml; path = Info.plist; sourceTree = "<group>"; };
		94DC9ECB251A17AA00EB27A8 /* PageBViewController.h */ = {isa = PBXFileReference; lastKnownFileType = sourcecode.c.h; path = PageBViewController.h; sourceTree = "<group>"; };
		94DC9ECC251A17AA00EB27A8 /* PageBViewController.m */ = {isa = PBXFileReference; lastKnownFileType = sourcecode.c.objc; path = PageBViewController.m; sourceTree = "<group>"; };
		94DC9ED5251A1D3300EB27A8 /* BaseViewController.h */ = {isa = PBXFileReference; lastKnownFileType = sourcecode.c.h; path = BaseViewController.h; sourceTree = "<group>"; };
		94DC9ED6251A1D3300EB27A8 /* BaseViewController.m */ = {isa = PBXFileReference; lastKnownFileType = sourcecode.c.objc; path = BaseViewController.m; sourceTree = "<group>"; };
		94DC9EDE251A1D5A00EB27A8 /* BaseView.h */ = {isa = PBXFileReference; lastKnownFileType = sourcecode.c.h; path = BaseView.h; sourceTree = "<group>"; };
		94DC9EDF251A1D5A00EB27A8 /* BaseView.m */ = {isa = PBXFileReference; lastKnownFileType = sourcecode.c.objc; path = BaseView.m; sourceTree = "<group>"; };
		94DC9EE4251A1D7400EB27A8 /* CommonModel.h */ = {isa = PBXFileReference; lastKnownFileType = sourcecode.c.h; path = CommonModel.h; sourceTree = "<group>"; };
		94DC9EE5251A1D7400EB27A8 /* CommonModel.m */ = {isa = PBXFileReference; lastKnownFileType = sourcecode.c.objc; path = CommonModel.m; sourceTree = "<group>"; };
		94DC9EEA251A1D9100EB27A8 /* MainViewController.h */ = {isa = PBXFileReference; lastKnownFileType = sourcecode.c.h; path = MainViewController.h; sourceTree = "<group>"; };
		94DC9EEB251A1D9100EB27A8 /* MainViewController.m */ = {isa = PBXFileReference; lastKnownFileType = sourcecode.c.objc; path = MainViewController.m; sourceTree = "<group>"; };
		94DC9EF0251A217E00EB27A8 /* SyntaxViewController.h */ = {isa = PBXFileReference; lastKnownFileType = sourcecode.c.h; path = SyntaxViewController.h; sourceTree = "<group>"; };
		94DC9EF1251A217E00EB27A8 /* SyntaxViewController.m */ = {isa = PBXFileReference; lastKnownFileType = sourcecode.c.objc; path = SyntaxViewController.m; sourceTree = "<group>"; };
		94DC9EF6251A25A300EB27A8 /* SyntaxCollectionViewCell.h */ = {isa = PBXFileReference; lastKnownFileType = sourcecode.c.h; path = SyntaxCollectionViewCell.h; sourceTree = "<group>"; };
		94DC9EF7251A25A300EB27A8 /* SyntaxCollectionViewCell.m */ = {isa = PBXFileReference; lastKnownFileType = sourcecode.c.objc; path = SyntaxCollectionViewCell.m; sourceTree = "<group>"; };
		94DC9EF8251A25A300EB27A8 /* SyntaxCollectionViewCell.xib */ = {isa = PBXFileReference; lastKnownFileType = file.xib; path = SyntaxCollectionViewCell.xib; sourceTree = "<group>"; };
		94DC9EFE251A3F2300EB27A8 /* MyUITableViewController.h */ = {isa = PBXFileReference; lastKnownFileType = sourcecode.c.h; path = MyUITableViewController.h; sourceTree = "<group>"; };
		94DC9EFF251A3F2300EB27A8 /* MyUITableViewController.m */ = {isa = PBXFileReference; lastKnownFileType = sourcecode.c.objc; path = MyUITableViewController.m; sourceTree = "<group>"; };
		94DC9F04251A446300EB27A8 /* SyntaxCollectionViewController.h */ = {isa = PBXFileReference; lastKnownFileType = sourcecode.c.h; path = SyntaxCollectionViewController.h; sourceTree = "<group>"; };
		94DC9F05251A446300EB27A8 /* SyntaxCollectionViewController.m */ = {isa = PBXFileReference; lastKnownFileType = sourcecode.c.objc; path = SyntaxCollectionViewController.m; sourceTree = "<group>"; };
		94FF6A9C252F29FB00BE99EB /* UIViewController+Normal.h */ = {isa = PBXFileReference; lastKnownFileType = sourcecode.c.h; path = "UIViewController+Normal.h"; sourceTree = "<group>"; };
		94FF6A9D252F29FB00BE99EB /* UIViewController+Normal.m */ = {isa = PBXFileReference; lastKnownFileType = sourcecode.c.objc; path = "UIViewController+Normal.m"; sourceTree = "<group>"; };
		94FF6AA2252F2A1F00BE99EB /* UIViewController+Attributes.h */ = {isa = PBXFileReference; lastKnownFileType = sourcecode.c.h; path = "UIViewController+Attributes.h"; sourceTree = "<group>"; };
		94FF6AA3252F2A1F00BE99EB /* UIViewController+Attributes.m */ = {isa = PBXFileReference; lastKnownFileType = sourcecode.c.objc; path = "UIViewController+Attributes.m"; sourceTree = "<group>"; };
		94FF6AA8252F32F000BE99EB /* ZHOOViewController.h */ = {isa = PBXFileReference; lastKnownFileType = sourcecode.c.h; path = ZHOOViewController.h; sourceTree = "<group>"; };
		94FF6AA9252F32F000BE99EB /* ZHOOViewController.m */ = {isa = PBXFileReference; lastKnownFileType = sourcecode.c.objc; path = ZHOOViewController.m; sourceTree = "<group>"; };
		94FF6AAA252F32F000BE99EB /* ZHOOViewController.xib */ = {isa = PBXFileReference; lastKnownFileType = file.xib; path = ZHOOViewController.xib; sourceTree = "<group>"; };
		94FF6AB0252F3F4400BE99EB /* UITextView+Utils.h */ = {isa = PBXFileReference; lastKnownFileType = sourcecode.c.h; path = "UITextView+Utils.h"; sourceTree = "<group>"; };
		94FF6AB1252F3F4400BE99EB /* UITextView+Utils.m */ = {isa = PBXFileReference; lastKnownFileType = sourcecode.c.objc; path = "UITextView+Utils.m"; sourceTree = "<group>"; };
		94FF6AB7252F423500BE99EB /* synTaxNotes.stringsdict */ = {isa = PBXFileReference; lastKnownFileType = text.plist.stringsdict; path = synTaxNotes.stringsdict; sourceTree = "<group>"; };
		94FF6ABC252F549100BE99EB /* UIViewController+Tracking.h */ = {isa = PBXFileReference; lastKnownFileType = sourcecode.c.h; path = "UIViewController+Tracking.h"; sourceTree = "<group>"; };
		94FF6ABD252F549100BE99EB /* UIViewController+Tracking.m */ = {isa = PBXFileReference; lastKnownFileType = sourcecode.c.objc; path = "UIViewController+Tracking.m"; sourceTree = "<group>"; };
/* End PBXFileReference section */

/* Begin PBXFrameworksBuildPhase section */
		94DC9E84251A12EF00EB27A8 /* Frameworks */ = {
			isa = PBXFrameworksBuildPhase;
			buildActionMask = 2147483647;
			files = (
			);
			runOnlyForDeploymentPostprocessing = 0;
		};
		94DC9E9F251A12F200EB27A8 /* Frameworks */ = {
			isa = PBXFrameworksBuildPhase;
			buildActionMask = 2147483647;
			files = (
			);
			runOnlyForDeploymentPostprocessing = 0;
		};
		94DC9EAA251A12F200EB27A8 /* Frameworks */ = {
			isa = PBXFrameworksBuildPhase;
			buildActionMask = 2147483647;
			files = (
			);
			runOnlyForDeploymentPostprocessing = 0;
		};
/* End PBXFrameworksBuildPhase section */

/* Begin PBXGroup section */
		9404586D252E049600266012 /* tools */ = {
			isa = PBXGroup;
			children = (
				9404586E252E04B800266012 /* ZHUIMaker.h */,
				9404586F252E04B800266012 /* ZHUIMaker.m */,
			);
			path = tools;
			sourceTree = "<group>";
		};
		94DC9E7E251A12EF00EB27A8 = {
			isa = PBXGroup;
			children = (
				94DC9E89251A12EF00EB27A8 /* practice */,
				94DC9EA5251A12F200EB27A8 /* practiceTests */,
				94DC9EB0251A12F200EB27A8 /* practiceUITests */,
				94DC9E88251A12EF00EB27A8 /* Products */,
			);
			sourceTree = "<group>";
		};
		94DC9E88251A12EF00EB27A8 /* Products */ = {
			isa = PBXGroup;
			children = (
				94DC9E87251A12EF00EB27A8 /* practice.app */,
				94DC9EA2251A12F200EB27A8 /* practiceTests.xctest */,
				94DC9EAD251A12F200EB27A8 /* practiceUITests.xctest */,
			);
			name = Products;
			sourceTree = "<group>";
		};
		94DC9E89251A12EF00EB27A8 /* practice */ = {
			isa = PBXGroup;
			children = (
				9404586D252E049600266012 /* tools */,
				94DC9ED4251A1D1C00EB27A8 /* base-class */,
				94DC9EC4251A140200EB27A8 /* mvp */,
				94DC9EC3251A13FC00EB27A8 /* mvvm */,
				94DC9EC2251A13F200EB27A8 /* mvc */,
				94DC9E8A251A12EF00EB27A8 /* AppDelegate.h */,
				94DC9E8B251A12EF00EB27A8 /* AppDelegate.m */,
				94DC9E8D251A12EF00EB27A8 /* SceneDelegate.h */,
				94DC9E8E251A12EF00EB27A8 /* SceneDelegate.m */,
				94DC9E93251A12EF00EB27A8 /* Main.storyboard */,
				94DC9E96251A12F100EB27A8 /* Assets.xcassets */,
				94DC9E98251A12F100EB27A8 /* LaunchScreen.storyboard */,
				94DC9E9B251A12F100EB27A8 /* Info.plist */,
				94DC9E9C251A12F100EB27A8 /* main.m */,
				94DC9EEA251A1D9100EB27A8 /* MainViewController.h */,
				94DC9EEB251A1D9100EB27A8 /* MainViewController.m */,
			);
			path = practice;
			sourceTree = "<group>";
		};
		94DC9EA5251A12F200EB27A8 /* practiceTests */ = {
			isa = PBXGroup;
			children = (
				94DC9EA6251A12F200EB27A8 /* practiceTests.m */,
				94DC9EA8251A12F200EB27A8 /* Info.plist */,
			);
			path = practiceTests;
			sourceTree = "<group>";
		};
		94DC9EB0251A12F200EB27A8 /* practiceUITests */ = {
			isa = PBXGroup;
			children = (
				94DC9EB1251A12F200EB27A8 /* practiceUITests.m */,
				94DC9EB3251A12F200EB27A8 /* Info.plist */,
			);
			path = practiceUITests;
			sourceTree = "<group>";
		};
		94DC9EC2251A13F200EB27A8 /* mvc */ = {
			isa = PBXGroup;
			children = (
				94DC9EC7251A142200EB27A8 /* models */,
				94DC9EC6251A141B00EB27A8 /* views */,
				94DC9EC5251A141400EB27A8 /* controllers */,
			);
			path = mvc;
			sourceTree = "<group>";
		};
		94DC9EC3251A13FC00EB27A8 /* mvvm */ = {
			isa = PBXGroup;
			children = (
				94DC9ECA251A143F00EB27A8 /* viewmodels */,
				94DC9EC9251A143600EB27A8 /* views */,
				94DC9EC8251A142B00EB27A8 /* models */,
			);
			path = mvvm;
			sourceTree = "<group>";
		};
		94DC9EC4251A140200EB27A8 /* mvp */ = {
			isa = PBXGroup;
			children = (
			);
			path = mvp;
			sourceTree = "<group>";
		};
		94DC9EC5251A141400EB27A8 /* controllers */ = {
			isa = PBXGroup;
			children = (
				94DC9ECB251A17AA00EB27A8 /* PageBViewController.h */,
				94DC9ECC251A17AA00EB27A8 /* PageBViewController.m */,
				94FF6A98252F288A00BE99EB /* Syntax */,
				94DC9EFE251A3F2300EB27A8 /* MyUITableViewController.h */,
				94DC9EFF251A3F2300EB27A8 /* MyUITableViewController.m */,
				94DC9F04251A446300EB27A8 /* SyntaxCollectionViewController.h */,
				94DC9F05251A446300EB27A8 /* SyntaxCollectionViewController.m */,
			);
			path = controllers;
			sourceTree = "<group>";
		};
		94DC9EC6251A141B00EB27A8 /* views */ = {
			isa = PBXGroup;
			children = (
				94DC9EF6251A25A300EB27A8 /* SyntaxCollectionViewCell.h */,
				94DC9EF7251A25A300EB27A8 /* SyntaxCollectionViewCell.m */,
				94DC9EF8251A25A300EB27A8 /* SyntaxCollectionViewCell.xib */,
				94045859252DCF1600266012 /* SyntaxCollectionReusableView.h */,
				9404585A252DCF1600266012 /* SyntaxCollectionReusableView.m */,
				9404585B252DCF1600266012 /* SyntaxCollectionReusableView.xib */,
			);
			path = views;
			sourceTree = "<group>";
		};
		94DC9EC7251A142200EB27A8 /* models */ = {
			isa = PBXGroup;
			children = (
				949A66EF251B4F7F00555574 /* BaseModel.h */,
				949A66F0251B4F7F00555574 /* BaseModel.m */,
				949A66F5251B4FB500555574 /* 笔记.rtfd */,
				94045853252DB31F00266012 /* SyntaxModel.h */,
				94045854252DB31F00266012 /* SyntaxModel.m */,
				94045867252E035600266012 /* ZHKeywordsModel.h */,
				94045868252E035600266012 /* ZHKeywordsModel.m */,
			);
			path = models;
			sourceTree = "<group>";
		};
		94DC9EC8251A142B00EB27A8 /* models */ = {
			isa = PBXGroup;
			children = (
			);
			path = models;
			sourceTree = "<group>";
		};
		94DC9EC9251A143600EB27A8 /* views */ = {
			isa = PBXGroup;
			children = (
			);
			path = views;
			sourceTree = "<group>";
		};
		94DC9ECA251A143F00EB27A8 /* viewmodels */ = {
			isa = PBXGroup;
			children = (
			);
			path = viewmodels;
			sourceTree = "<group>";
		};
		94DC9ED4251A1D1C00EB27A8 /* base-class */ = {
			isa = PBXGroup;
			children = (
				94DC9ED5251A1D3300EB27A8 /* BaseViewController.h */,
				94DC9ED6251A1D3300EB27A8 /* BaseViewController.m */,
				94DC9EDE251A1D5A00EB27A8 /* BaseView.h */,
				94DC9EDF251A1D5A00EB27A8 /* BaseView.m */,
				94DC9EE4251A1D7400EB27A8 /* CommonModel.h */,
				94DC9EE5251A1D7400EB27A8 /* CommonModel.m */,
			);
			path = "base-class";
			sourceTree = "<group>";
		};
		94FF6A97252F285300BE99EB /* category */ = {
			isa = PBXGroup;
			children = (
				94FF6A9C252F29FB00BE99EB /* UIViewController+Normal.h */,
				94FF6A9D252F29FB00BE99EB /* UIViewController+Normal.m */,
				94FF6AA2252F2A1F00BE99EB /* UIViewController+Attributes.h */,
				94FF6AA3252F2A1F00BE99EB /* UIViewController+Attributes.m */,
				94FF6AB0252F3F4400BE99EB /* UITextView+Utils.h */,
				94FF6AB1252F3F4400BE99EB /* UITextView+Utils.m */,
				94FF6ABC252F549100BE99EB /* UIViewController+Tracking.h */,
				94FF6ABD252F549100BE99EB /* UIViewController+Tracking.m */,
			);
			path = category;
			sourceTree = "<group>";
		};
		94FF6A98252F288A00BE99EB /* Syntax */ = {
			isa = PBXGroup;
			children = (
				94FF6AB6252F41B100BE99EB /* files */,
				94FF6A97252F285300BE99EB /* category */,
				94DC9EF0251A217E00EB27A8 /* SyntaxViewController.h */,
				94DC9EF1251A217E00EB27A8 /* SyntaxViewController.m */,
				94045861252E00DA00266012 /* ZHKeywordsViewController.h */,
				94045862252E00DA00266012 /* ZHKeywordsViewController.m */,
				94FF6AA8252F32F000BE99EB /* ZHOOViewController.h */,
				94FF6AA9252F32F000BE99EB /* ZHOOViewController.m */,
				94FF6AAA252F32F000BE99EB /* ZHOOViewController.xib */,
			);
			path = Syntax;
			sourceTree = "<group>";
		};
		94FF6AB6252F41B100BE99EB /* files */ = {
			isa = PBXGroup;
			children = (
				94FF6AB7252F423500BE99EB /* synTaxNotes.stringsdict */,
			);
			path = files;
			sourceTree = "<group>";
		};
/* End PBXGroup section */

/* Begin PBXNativeTarget section */
		94DC9E86251A12EF00EB27A8 /* practice */ = {
			isa = PBXNativeTarget;
			buildConfigurationList = 94DC9EB6251A12F200EB27A8 /* Build configuration list for PBXNativeTarget "practice" */;
			buildPhases = (
				94DC9E83251A12EF00EB27A8 /* Sources */,
				94DC9E84251A12EF00EB27A8 /* Frameworks */,
				94DC9E85251A12EF00EB27A8 /* Resources */,
			);
			buildRules = (
			);
			dependencies = (
			);
			name = practice;
			productName = practice;
			productReference = 94DC9E87251A12EF00EB27A8 /* practice.app */;
			productType = "com.apple.product-type.application";
		};
		94DC9EA1251A12F200EB27A8 /* practiceTests */ = {
			isa = PBXNativeTarget;
			buildConfigurationList = 94DC9EB9251A12F200EB27A8 /* Build configuration list for PBXNativeTarget "practiceTests" */;
			buildPhases = (
				94DC9E9E251A12F200EB27A8 /* Sources */,
				94DC9E9F251A12F200EB27A8 /* Frameworks */,
				94DC9EA0251A12F200EB27A8 /* Resources */,
			);
			buildRules = (
			);
			dependencies = (
				94DC9EA4251A12F200EB27A8 /* PBXTargetDependency */,
			);
			name = practiceTests;
			productName = practiceTests;
			productReference = 94DC9EA2251A12F200EB27A8 /* practiceTests.xctest */;
			productType = "com.apple.product-type.bundle.unit-test";
		};
		94DC9EAC251A12F200EB27A8 /* practiceUITests */ = {
			isa = PBXNativeTarget;
			buildConfigurationList = 94DC9EBC251A12F200EB27A8 /* Build configuration list for PBXNativeTarget "practiceUITests" */;
			buildPhases = (
				94DC9EA9251A12F200EB27A8 /* Sources */,
				94DC9EAA251A12F200EB27A8 /* Frameworks */,
				94DC9EAB251A12F200EB27A8 /* Resources */,
			);
			buildRules = (
			);
			dependencies = (
				94DC9EAF251A12F200EB27A8 /* PBXTargetDependency */,
			);
			name = practiceUITests;
			productName = practiceUITests;
			productReference = 94DC9EAD251A12F200EB27A8 /* practiceUITests.xctest */;
			productType = "com.apple.product-type.bundle.ui-testing";
		};
/* End PBXNativeTarget section */

/* Begin PBXProject section */
		94DC9E7F251A12EF00EB27A8 /* Project object */ = {
			isa = PBXProject;
			attributes = {
				LastUpgradeCheck = 1200;
				TargetAttributes = {
					94DC9E86251A12EF00EB27A8 = {
						CreatedOnToolsVersion = 12.0;
					};
					94DC9EA1251A12F200EB27A8 = {
						CreatedOnToolsVersion = 12.0;
						TestTargetID = 94DC9E86251A12EF00EB27A8;
					};
					94DC9EAC251A12F200EB27A8 = {
						CreatedOnToolsVersion = 12.0;
						TestTargetID = 94DC9E86251A12EF00EB27A8;
					};
				};
			};
			buildConfigurationList = 94DC9E82251A12EF00EB27A8 /* Build configuration list for PBXProject "practice" */;
			compatibilityVersion = "Xcode 9.3";
			developmentRegion = en;
			hasScannedForEncodings = 0;
			knownRegions = (
				en,
				Base,
			);
			mainGroup = 94DC9E7E251A12EF00EB27A8;
			productRefGroup = 94DC9E88251A12EF00EB27A8 /* Products */;
			projectDirPath = "";
			projectRoot = "";
			targets = (
				94DC9E86251A12EF00EB27A8 /* practice */,
				94DC9EA1251A12F200EB27A8 /* practiceTests */,
				94DC9EAC251A12F200EB27A8 /* practiceUITests */,
			);
		};
/* End PBXProject section */

/* Begin PBXResourcesBuildPhase section */
		94DC9E85251A12EF00EB27A8 /* Resources */ = {
			isa = PBXResourcesBuildPhase;
			buildActionMask = 2147483647;
			files = (
				9404585D252DCF1600266012 /* SyntaxCollectionReusableView.xib in Resources */,
				949A66F6251B4FB500555574 /* 笔记.rtfd in Resources */,
				94DC9E9A251A12F100EB27A8 /* LaunchScreen.storyboard in Resources */,
				94FF6AB8252F423500BE99EB /* synTaxNotes.stringsdict in Resources */,
				94FF6AAC252F32F000BE99EB /* ZHOOViewController.xib in Resources */,
				94DC9E97251A12F100EB27A8 /* Assets.xcassets in Resources */,
				94DC9E95251A12EF00EB27A8 /* Main.storyboard in Resources */,
				94DC9EFA251A25A300EB27A8 /* SyntaxCollectionViewCell.xib in Resources */,
			);
			runOnlyForDeploymentPostprocessing = 0;
		};
		94DC9EA0251A12F200EB27A8 /* Resources */ = {
			isa = PBXResourcesBuildPhase;
			buildActionMask = 2147483647;
			files = (
			);
			runOnlyForDeploymentPostprocessing = 0;
		};
		94DC9EAB251A12F200EB27A8 /* Resources */ = {
			isa = PBXResourcesBuildPhase;
			buildActionMask = 2147483647;
			files = (
			);
			runOnlyForDeploymentPostprocessing = 0;
		};
/* End PBXResourcesBuildPhase section */

/* Begin PBXSourcesBuildPhase section */
		94DC9E83251A12EF00EB27A8 /* Sources */ = {
			isa = PBXSourcesBuildPhase;
			buildActionMask = 2147483647;
			files = (
				94FF6A9E252F29FB00BE99EB /* UIViewController+Normal.m in Sources */,
				94045870252E04B800266012 /* ZHUIMaker.m in Sources */,
				94DC9E8C251A12EF00EB27A8 /* AppDelegate.m in Sources */,
				94FF6AB2252F3F4400BE99EB /* UITextView+Utils.m in Sources */,
				94DC9EF9251A25A300EB27A8 /* SyntaxCollectionViewCell.m in Sources */,
				94DC9ED7251A1D3300EB27A8 /* BaseViewController.m in Sources */,
				94DC9E9D251A12F100EB27A8 /* main.m in Sources */,
				9404585C252DCF1600266012 /* SyntaxCollectionReusableView.m in Sources */,
				94045869252E035600266012 /* ZHKeywordsModel.m in Sources */,
				94DC9EEC251A1D9100EB27A8 /* MainViewController.m in Sources */,
				94DC9ECD251A17AA00EB27A8 /* PageBViewController.m in Sources */,
				94045855252DB31F00266012 /* SyntaxModel.m in Sources */,
				94DC9F06251A446300EB27A8 /* SyntaxCollectionViewController.m in Sources */,
				949A66F1251B4F7F00555574 /* BaseModel.m in Sources */,
				94DC9E8F251A12EF00EB27A8 /* SceneDelegate.m in Sources */,
				94DC9EE6251A1D7400EB27A8 /* CommonModel.m in Sources */,
				94FF6ABE252F549100BE99EB /* UIViewController+Tracking.m in Sources */,
				94DC9F00251A3F2300EB27A8 /* MyUITableViewController.m in Sources */,
				94FF6AAB252F32F000BE99EB /* ZHOOViewController.m in Sources */,
				94DC9EF2251A217E00EB27A8 /* SyntaxViewController.m in Sources */,
				94045863252E00DA00266012 /* ZHKeywordsViewController.m in Sources */,
				94DC9EE0251A1D5A00EB27A8 /* BaseView.m in Sources */,
				94FF6AA4252F2A1F00BE99EB /* UIViewController+Attributes.m in Sources */,
			);
			runOnlyForDeploymentPostprocessing = 0;
		};
		94DC9E9E251A12F200EB27A8 /* Sources */ = {
			isa = PBXSourcesBuildPhase;
			buildActionMask = 2147483647;
			files = (
				94DC9EA7251A12F200EB27A8 /* practiceTests.m in Sources */,
			);
			runOnlyForDeploymentPostprocessing = 0;
		};
		94DC9EA9251A12F200EB27A8 /* Sources */ = {
			isa = PBXSourcesBuildPhase;
			buildActionMask = 2147483647;
			files = (
				94DC9EB2251A12F200EB27A8 /* practiceUITests.m in Sources */,
			);
			runOnlyForDeploymentPostprocessing = 0;
		};
/* End PBXSourcesBuildPhase section */

/* Begin PBXTargetDependency section */
		94DC9EA4251A12F200EB27A8 /* PBXTargetDependency */ = {
			isa = PBXTargetDependency;
			target = 94DC9E86251A12EF00EB27A8 /* practice */;
			targetProxy = 94DC9EA3251A12F200EB27A8 /* PBXContainerItemProxy */;
		};
		94DC9EAF251A12F200EB27A8 /* PBXTargetDependency */ = {
			isa = PBXTargetDependency;
			target = 94DC9E86251A12EF00EB27A8 /* practice */;
			targetProxy = 94DC9EAE251A12F200EB27A8 /* PBXContainerItemProxy */;
		};
/* End PBXTargetDependency section */

/* Begin PBXVariantGroup section */
		94DC9E93251A12EF00EB27A8 /* Main.storyboard */ = {
			isa = PBXVariantGroup;
			children = (
				94DC9E94251A12EF00EB27A8 /* Base */,
			);
			name = Main.storyboard;
			sourceTree = "<group>";
		};
		94DC9E98251A12F100EB27A8 /* LaunchScreen.storyboard */ = {
			isa = PBXVariantGroup;
			children = (
				94DC9E99251A12F100EB27A8 /* Base */,
			);
			name = LaunchScreen.storyboard;
			sourceTree = "<group>";
		};
/* End PBXVariantGroup section */

/* Begin XCBuildConfiguration section */
		94DC9EB4251A12F200EB27A8 /* Debug */ = {
			isa = XCBuildConfiguration;
			buildSettings = {
				ALWAYS_SEARCH_USER_PATHS = NO;
				CLANG_ANALYZER_NONNULL = YES;
				CLANG_ANALYZER_NUMBER_OBJECT_CONVERSION = YES_AGGRESSIVE;
				CLANG_CXX_LANGUAGE_STANDARD = "gnu++14";
				CLANG_CXX_LIBRARY = "libc++";
				CLANG_ENABLE_MODULES = YES;
				CLANG_ENABLE_OBJC_ARC = YES;
				CLANG_ENABLE_OBJC_WEAK = YES;
				CLANG_WARN_BLOCK_CAPTURE_AUTORELEASING = YES;
				CLANG_WARN_BOOL_CONVERSION = YES;
				CLANG_WARN_COMMA = YES;
				CLANG_WARN_CONSTANT_CONVERSION = YES;
				CLANG_WARN_DEPRECATED_OBJC_IMPLEMENTATIONS = YES;
				CLANG_WARN_DIRECT_OBJC_ISA_USAGE = YES_ERROR;
				CLANG_WARN_DOCUMENTATION_COMMENTS = YES;
				CLANG_WARN_EMPTY_BODY = YES;
				CLANG_WARN_ENUM_CONVERSION = YES;
				CLANG_WARN_INFINITE_RECURSION = YES;
				CLANG_WARN_INT_CONVERSION = YES;
				CLANG_WARN_NON_LITERAL_NULL_CONVERSION = YES;
				CLANG_WARN_OBJC_IMPLICIT_RETAIN_SELF = YES;
				CLANG_WARN_OBJC_LITERAL_CONVERSION = YES;
				CLANG_WARN_OBJC_ROOT_CLASS = YES_ERROR;
				CLANG_WARN_QUOTED_INCLUDE_IN_FRAMEWORK_HEADER = YES;
				CLANG_WARN_RANGE_LOOP_ANALYSIS = YES;
				CLANG_WARN_STRICT_PROTOTYPES = YES;
				CLANG_WARN_SUSPICIOUS_MOVE = YES;
				CLANG_WARN_UNGUARDED_AVAILABILITY = YES_AGGRESSIVE;
				CLANG_WARN_UNREACHABLE_CODE = YES;
				CLANG_WARN__DUPLICATE_METHOD_MATCH = YES;
				COPY_PHASE_STRIP = NO;
				DEBUG_INFORMATION_FORMAT = dwarf;
				ENABLE_STRICT_OBJC_MSGSEND = YES;
				ENABLE_TESTABILITY = YES;
				GCC_C_LANGUAGE_STANDARD = gnu11;
				GCC_DYNAMIC_NO_PIC = NO;
				GCC_NO_COMMON_BLOCKS = YES;
				GCC_OPTIMIZATION_LEVEL = 0;
				GCC_PREPROCESSOR_DEFINITIONS = (
					"DEBUG=1",
					"$(inherited)",
				);
				GCC_WARN_64_TO_32_BIT_CONVERSION = YES;
				GCC_WARN_ABOUT_RETURN_TYPE = YES_ERROR;
				GCC_WARN_UNDECLARED_SELECTOR = YES;
				GCC_WARN_UNINITIALIZED_AUTOS = YES_AGGRESSIVE;
				GCC_WARN_UNUSED_FUNCTION = YES;
				GCC_WARN_UNUSED_VARIABLE = YES;
				IPHONEOS_DEPLOYMENT_TARGET = 14.0;
				MTL_ENABLE_DEBUG_INFO = INCLUDE_SOURCE;
				MTL_FAST_MATH = YES;
				ONLY_ACTIVE_ARCH = YES;
				SDKROOT = iphoneos;
			};
			name = Debug;
		};
		94DC9EB5251A12F200EB27A8 /* Release */ = {
			isa = XCBuildConfiguration;
			buildSettings = {
				ALWAYS_SEARCH_USER_PATHS = NO;
				CLANG_ANALYZER_NONNULL = YES;
				CLANG_ANALYZER_NUMBER_OBJECT_CONVERSION = YES_AGGRESSIVE;
				CLANG_CXX_LANGUAGE_STANDARD = "gnu++14";
				CLANG_CXX_LIBRARY = "libc++";
				CLANG_ENABLE_MODULES = YES;
				CLANG_ENABLE_OBJC_ARC = YES;
				CLANG_ENABLE_OBJC_WEAK = YES;
				CLANG_WARN_BLOCK_CAPTURE_AUTORELEASING = YES;
				CLANG_WARN_BOOL_CONVERSION = YES;
				CLANG_WARN_COMMA = YES;
				CLANG_WARN_CONSTANT_CONVERSION = YES;
				CLANG_WARN_DEPRECATED_OBJC_IMPLEMENTATIONS = YES;
				CLANG_WARN_DIRECT_OBJC_ISA_USAGE = YES_ERROR;
				CLANG_WARN_DOCUMENTATION_COMMENTS = YES;
				CLANG_WARN_EMPTY_BODY = YES;
				CLANG_WARN_ENUM_CONVERSION = YES;
				CLANG_WARN_INFINITE_RECURSION = YES;
				CLANG_WARN_INT_CONVERSION = YES;
				CLANG_WARN_NON_LITERAL_NULL_CONVERSION = YES;
				CLANG_WARN_OBJC_IMPLICIT_RETAIN_SELF = YES;
				CLANG_WARN_OBJC_LITERAL_CONVERSION = YES;
				CLANG_WARN_OBJC_ROOT_CLASS = YES_ERROR;
				CLANG_WARN_QUOTED_INCLUDE_IN_FRAMEWORK_HEADER = YES;
				CLANG_WARN_RANGE_LOOP_ANALYSIS = YES;
				CLANG_WARN_STRICT_PROTOTYPES = YES;
				CLANG_WARN_SUSPICIOUS_MOVE = YES;
				CLANG_WARN_UNGUARDED_AVAILABILITY = YES_AGGRESSIVE;
				CLANG_WARN_UNREACHABLE_CODE = YES;
				CLANG_WARN__DUPLICATE_METHOD_MATCH = YES;
				COPY_PHASE_STRIP = NO;
				DEBUG_INFORMATION_FORMAT = "dwarf-with-dsym";
				ENABLE_NS_ASSERTIONS = NO;
				ENABLE_STRICT_OBJC_MSGSEND = YES;
				GCC_C_LANGUAGE_STANDARD = gnu11;
				GCC_NO_COMMON_BLOCKS = YES;
				GCC_WARN_64_TO_32_BIT_CONVERSION = YES;
				GCC_WARN_ABOUT_RETURN_TYPE = YES_ERROR;
				GCC_WARN_UNDECLARED_SELECTOR = YES;
				GCC_WARN_UNINITIALIZED_AUTOS = YES_AGGRESSIVE;
				GCC_WARN_UNUSED_FUNCTION = YES;
				GCC_WARN_UNUSED_VARIABLE = YES;
				IPHONEOS_DEPLOYMENT_TARGET = 14.0;
				MTL_ENABLE_DEBUG_INFO = NO;
				MTL_FAST_MATH = YES;
				SDKROOT = iphoneos;
				VALIDATE_PRODUCT = YES;
			};
			name = Release;
		};
		94DC9EB7251A12F200EB27A8 /* Debug */ = {
			isa = XCBuildConfiguration;
			buildSettings = {
				ASSETCATALOG_COMPILER_APPICON_NAME = AppIcon;
				ASSETCATALOG_COMPILER_GLOBAL_ACCENT_COLOR_NAME = AccentColor;
				CODE_SIGN_STYLE = Automatic;
				DEVELOPMENT_TEAM = CWY6VY3U8W;
				INFOPLIST_FILE = practice/Info.plist;
				LD_RUNPATH_SEARCH_PATHS = (
					"$(inherited)",
					"@executable_path/Frameworks",
				);
				PRODUCT_BUNDLE_IDENTIFIER = com.ahao.cn.practice;
				PRODUCT_NAME = "$(TARGET_NAME)";
				TARGETED_DEVICE_FAMILY = "1,2";
			};
			name = Debug;
		};
		94DC9EB8251A12F200EB27A8 /* Release */ = {
			isa = XCBuildConfiguration;
			buildSettings = {
				ASSETCATALOG_COMPILER_APPICON_NAME = AppIcon;
				ASSETCATALOG_COMPILER_GLOBAL_ACCENT_COLOR_NAME = AccentColor;
				CODE_SIGN_STYLE = Automatic;
				DEVELOPMENT_TEAM = CWY6VY3U8W;
				INFOPLIST_FILE = practice/Info.plist;
				LD_RUNPATH_SEARCH_PATHS = (
					"$(inherited)",
					"@executable_path/Frameworks",
				);
				PRODUCT_BUNDLE_IDENTIFIER = com.ahao.cn.practice;
				PRODUCT_NAME = "$(TARGET_NAME)";
				TARGETED_DEVICE_FAMILY = "1,2";
			};
			name = Release;
		};
		94DC9EBA251A12F200EB27A8 /* Debug */ = {
			isa = XCBuildConfiguration;
			buildSettings = {
				BUNDLE_LOADER = "$(TEST_HOST)";
				CODE_SIGN_STYLE = Automatic;
				DEVELOPMENT_TEAM = CWY6VY3U8W;
				INFOPLIST_FILE = practiceTests/Info.plist;
				IPHONEOS_DEPLOYMENT_TARGET = 14.0;
				LD_RUNPATH_SEARCH_PATHS = (
					"$(inherited)",
					"@executable_path/Frameworks",
					"@loader_path/Frameworks",
				);
				PRODUCT_BUNDLE_IDENTIFIER = com.ahao.cn.practiceTests;
				PRODUCT_NAME = "$(TARGET_NAME)";
				TARGETED_DEVICE_FAMILY = "1,2";
				TEST_HOST = "$(BUILT_PRODUCTS_DIR)/practice.app/practice";
			};
			name = Debug;
		};
		94DC9EBB251A12F200EB27A8 /* Release */ = {
			isa = XCBuildConfiguration;
			buildSettings = {
				BUNDLE_LOADER = "$(TEST_HOST)";
				CODE_SIGN_STYLE = Automatic;
				DEVELOPMENT_TEAM = CWY6VY3U8W;
				INFOPLIST_FILE = practiceTests/Info.plist;
				IPHONEOS_DEPLOYMENT_TARGET = 14.0;
				LD_RUNPATH_SEARCH_PATHS = (
					"$(inherited)",
					"@executable_path/Frameworks",
					"@loader_path/Frameworks",
				);
				PRODUCT_BUNDLE_IDENTIFIER = com.ahao.cn.practiceTests;
				PRODUCT_NAME = "$(TARGET_NAME)";
				TARGETED_DEVICE_FAMILY = "1,2";
				TEST_HOST = "$(BUILT_PRODUCTS_DIR)/practice.app/practice";
			};
			name = Release;
		};
		94DC9EBD251A12F200EB27A8 /* Debug */ = {
			isa = XCBuildConfiguration;
			buildSettings = {
				CODE_SIGN_STYLE = Automatic;
				DEVELOPMENT_TEAM = CWY6VY3U8W;
				INFOPLIST_FILE = practiceUITests/Info.plist;
				LD_RUNPATH_SEARCH_PATHS = (
					"$(inherited)",
					"@executable_path/Frameworks",
					"@loader_path/Frameworks",
				);
				PRODUCT_BUNDLE_IDENTIFIER = com.ahao.cn.practiceUITests;
				PRODUCT_NAME = "$(TARGET_NAME)";
				TARGETED_DEVICE_FAMILY = "1,2";
				TEST_TARGET_NAME = practice;
			};
			name = Debug;
		};
		94DC9EBE251A12F200EB27A8 /* Release */ = {
			isa = XCBuildConfiguration;
			buildSettings = {
				CODE_SIGN_STYLE = Automatic;
				DEVELOPMENT_TEAM = CWY6VY3U8W;
				INFOPLIST_FILE = practiceUITests/Info.plist;
				LD_RUNPATH_SEARCH_PATHS = (
					"$(inherited)",
					"@executable_path/Frameworks",
					"@loader_path/Frameworks",
				);
				PRODUCT_BUNDLE_IDENTIFIER = com.ahao.cn.practiceUITests;
				PRODUCT_NAME = "$(TARGET_NAME)";
				TARGETED_DEVICE_FAMILY = "1,2";
				TEST_TARGET_NAME = practice;
			};
			name = Release;
		};
/* End XCBuildConfiguration section */

/* Begin XCConfigurationList section */
		94DC9E82251A12EF00EB27A8 /* Build configuration list for PBXProject "practice" */ = {
			isa = XCConfigurationList;
			buildConfigurations = (
				94DC9EB4251A12F200EB27A8 /* Debug */,
				94DC9EB5251A12F200EB27A8 /* Release */,
			);
			defaultConfigurationIsVisible = 0;
			defaultConfigurationName = Release;
		};
		94DC9EB6251A12F200EB27A8 /* Build configuration list for PBXNativeTarget "practice" */ = {
			isa = XCConfigurationList;
			buildConfigurations = (
				94DC9EB7251A12F200EB27A8 /* Debug */,
				94DC9EB8251A12F200EB27A8 /* Release */,
			);
			defaultConfigurationIsVisible = 0;
			defaultConfigurationName = Release;
		};
		94DC9EB9251A12F200EB27A8 /* Build configuration list for PBXNativeTarget "practiceTests" */ = {
			isa = XCConfigurationList;
			buildConfigurations = (
				94DC9EBA251A12F200EB27A8 /* Debug */,
				94DC9EBB251A12F200EB27A8 /* Release */,
			);
			defaultConfigurationIsVisible = 0;
			defaultConfigurationName = Release;
		};
		94DC9EBC251A12F200EB27A8 /* Build configuration list for PBXNativeTarget "practiceUITests" */ = {
			isa = XCConfigurationList;
			buildConfigurations = (
				94DC9EBD251A12F200EB27A8 /* Debug */,
				94DC9EBE251A12F200EB27A8 /* Release */,
			);
			defaultConfigurationIsVisible = 0;
			defaultConfigurationName = Release;
		};
/* End XCConfigurationList section */
	};
	rootObject = 94DC9E7F251A12EF00EB27A8 /* Project object */;
}
